
Microsoft Visual Studio Solution File, Format Version 12.00
# Visual Studio Version 17
VisualStudioVersion = 17.12.35707.178
MinimumVisualStudioVersion = 10.0.40219.1
Project("{9A19103F-16F7-4668-BE54-9A1E7A4F7556}") = "LivinParis", "LivinParis.csproj", "{1EFE601A-7C1B-4E78-BEC7-D48CBD0E3076}"
	ProjectSection(ProjectDependencies) = postProject
		{19498940-022E-4713-A67E-1F72E9F688BB} = {19498940-022E-4713-A67E-1F72E9F688BB}
	EndProjectSection
EndProject
Project("{9A19103F-16F7-4668-BE54-9A1E7A4F7556}") = "TestLivinParis", "..\TestLivinParis\TestLivinParis.csproj", "{2DA23486-4836-4EE7-9D14-89FCFC3C11D4}"
	ProjectSection(ProjectDependencies) = postProject
		{1EFE601A-7C1B-4E78-BEC7-D48CBD0E3076} = {1EFE601A-7C1B-4E78-BEC7-D48CBD0E3076}
		{BF0E3CCA-7046-4E1D-93CB-E1A7276C3D87} = {BF0E3CCA-7046-4E1D-93CB-E1A7276C3D87}
	EndProjectSection
EndProject
Project("{9A19103F-16F7-4668-BE54-9A1E7A4F7556}") = "ClassLibrary", "..\ClassLibrary\ClassLibrary.csproj", "{BF0E3CCA-7046-4E1D-93CB-E1A7276C3D87}"
EndProject
Project("{9A19103F-16F7-4668-BE54-9A1E7A4F7556}") = "WinFormsRendu1", "..\WinFormsRendu1\WinFormsRendu1.csproj", "{6C0F6375-CB2E-4C5E-942B-CCA079AE73D9}"
	ProjectSection(ProjectDependencies) = postProject
		{4742B6F5-0BF0-48A7-B4B0-CF6AD18C842A} = {4742B6F5-0BF0-48A7-B4B0-CF6AD18C842A}
	EndProjectSection
EndProject
Project("{9A19103F-16F7-4668-BE54-9A1E7A4F7556}") = "TestProjectRendu1", "..\TestProjectRendu1\TestProjectRendu1.csproj", "{1F1C2E04-D570-4CF7-82D2-ACF7133D2D3F}"
	ProjectSection(ProjectDependencies) = postProject
		{4742B6F5-0BF0-48A7-B4B0-CF6AD18C842A} = {4742B6F5-0BF0-48A7-B4B0-CF6AD18C842A}
		{6C0F6375-CB2E-4C5E-942B-CCA079AE73D9} = {6C0F6375-CB2E-4C5E-942B-CCA079AE73D9}
	EndProjectSection
EndProject
Project("{9A19103F-16F7-4668-BE54-9A1E7A4F7556}") = "ClassLibraryRendu1", "..\ClassLibraryRendu1\ClassLibraryRendu1.csproj", "{4742B6F5-0BF0-48A7-B4B0-CF6AD18C842A}"
EndProject
Project("{9A19103F-16F7-4668-BE54-9A1E7A4F7556}") = "ClassLibraryRendu2", "..\ClassLibraryRendu2\ClassLibraryRendu2.csproj", "{19498940-022E-4713-A67E-1F72E9F688BB}"
	ProjectSection(ProjectDependencies) = postProject
		{1F1C2E04-D570-4CF7-82D2-ACF7133D2D3F} = {1F1C2E04-D570-4CF7-82D2-ACF7133D2D3F}
	EndProjectSection
EndProject
Project("{FAE04EC0-301F-11D3-BF4B-00C04F79EFBC}") = "UnitTestProject1", "..\UnitTestProject1\UnitTestProject1.csproj", "{C216EDB2-8556-40C0-8758-CA4E459DE842}"
EndProject
Project("{FAE04EC0-301F-11D3-BF4B-00C04F79EFBC}") = "LivinParisWebApp", "..\LivinParisWebApp\LivinParisWebApp.csproj", "{362B4A94-DA06-4610-9372-64446A193B7C}"
EndProject
Global
	GlobalSection(SolutionConfigurationPlatforms) = preSolution
		Debug|Any CPU = Debug|Any CPU
		Release|Any CPU = Release|Any CPU
	EndGlobalSection
	GlobalSection(ProjectConfigurationPlatforms) = postSolution
		{1EFE601A-7C1B-4E78-BEC7-D48CBD0E3076}.Debug|Any CPU.ActiveCfg = Debug|Any CPU
		{1EFE601A-7C1B-4E78-BEC7-D48CBD0E3076}.Debug|Any CPU.Build.0 = Debug|Any CPU
		{1EFE601A-7C1B-4E78-BEC7-D48CBD0E3076}.Release|Any CPU.ActiveCfg = Release|Any CPU
		{1EFE601A-7C1B-4E78-BEC7-D48CBD0E3076}.Release|Any CPU.Build.0 = Release|Any CPU
		{2DA23486-4836-4EE7-9D14-89FCFC3C11D4}.Debug|Any CPU.ActiveCfg = Debug|Any CPU
		{2DA23486-4836-4EE7-9D14-89FCFC3C11D4}.Debug|Any CPU.Build.0 = Debug|Any CPU
		{2DA23486-4836-4EE7-9D14-89FCFC3C11D4}.Release|Any CPU.ActiveCfg = Release|Any CPU
		{2DA23486-4836-4EE7-9D14-89FCFC3C11D4}.Release|Any CPU.Build.0 = Release|Any CPU
		{BF0E3CCA-7046-4E1D-93CB-E1A7276C3D87}.Debug|Any CPU.ActiveCfg = Debug|Any CPU
		{BF0E3CCA-7046-4E1D-93CB-E1A7276C3D87}.Debug|Any CPU.Build.0 = Debug|Any CPU
		{BF0E3CCA-7046-4E1D-93CB-E1A7276C3D87}.Release|Any CPU.ActiveCfg = Release|Any CPU
		{BF0E3CCA-7046-4E1D-93CB-E1A7276C3D87}.Release|Any CPU.Build.0 = Release|Any CPU
		{6C0F6375-CB2E-4C5E-942B-CCA079AE73D9}.Debug|Any CPU.ActiveCfg = Debug|Any CPU
		{6C0F6375-CB2E-4C5E-942B-CCA079AE73D9}.Debug|Any CPU.Build.0 = Debug|Any CPU
		{6C0F6375-CB2E-4C5E-942B-CCA079AE73D9}.Release|Any CPU.ActiveCfg = Release|Any CPU
		{6C0F6375-CB2E-4C5E-942B-CCA079AE73D9}.Release|Any CPU.Build.0 = Release|Any CPU
		{1F1C2E04-D570-4CF7-82D2-ACF7133D2D3F}.Debug|Any CPU.ActiveCfg = Debug|Any CPU
		{1F1C2E04-D570-4CF7-82D2-ACF7133D2D3F}.Debug|Any CPU.Build.0 = Debug|Any CPU
		{1F1C2E04-D570-4CF7-82D2-ACF7133D2D3F}.Release|Any CPU.ActiveCfg = Release|Any CPU
		{1F1C2E04-D570-4CF7-82D2-ACF7133D2D3F}.Release|Any CPU.Build.0 = Release|Any CPU
		{4742B6F5-0BF0-48A7-B4B0-CF6AD18C842A}.Debug|Any CPU.ActiveCfg = Debug|Any CPU
		{4742B6F5-0BF0-48A7-B4B0-CF6AD18C842A}.Debug|Any CPU.Build.0 = Debug|Any CPU
		{4742B6F5-0BF0-48A7-B4B0-CF6AD18C842A}.Release|Any CPU.ActiveCfg = Release|Any CPU
		{4742B6F5-0BF0-48A7-B4B0-CF6AD18C842A}.Release|Any CPU.Build.0 = Release|Any CPU
		{19498940-022E-4713-A67E-1F72E9F688BB}.Debug|Any CPU.ActiveCfg = Debug|Any CPU
		{19498940-022E-4713-A67E-1F72E9F688BB}.Debug|Any CPU.Build.0 = Debug|Any CPU
		{19498940-022E-4713-A67E-1F72E9F688BB}.Release|Any CPU.ActiveCfg = Release|Any CPU
		{19498940-022E-4713-A67E-1F72E9F688BB}.Release|Any CPU.Build.0 = Release|Any CPU
		{362B4A94-DA06-4610-9372-64446A193B7C}.Debug|Any CPU.ActiveCfg = Debug|Any CPU
		{362B4A94-DA06-4610-9372-64446A193B7C}.Debug|Any CPU.Build.0 = Debug|Any CPU
		{362B4A94-DA06-4610-9372-64446A193B7C}.Release|Any CPU.ActiveCfg = Release|Any CPU
		{362B4A94-DA06-4610-9372-64446A193B7C}.Release|Any CPU.Build.0 = Release|Any CPU
	EndGlobalSection
	GlobalSection(SolutionProperties) = preSolution
		HideSolutionNode = FALSE
	EndGlobalSection
	GlobalSection(ExtensibilityGlobals) = postSolution
		SolutionGuid = {A52A4849-DCF6-49B9-B969-B64E435802FF}
	EndGlobalSection
EndGlobal
